github.com/starillume/ase v0.1.2 h1:PgdD2/fZZ0mfpC05X+s3p0EduOvg8xh8hFLQguJVc7U=
github.com/starillume/ase v0.1.2/go.mod h1:KxuIpmt22rGiIlAs3IyBurj5nFmwlAOqCOfuZvBVp00=
github.com/starillume/ase v0.2.0 h1:wGoIc/4OnaGRW2dosdXkoqugEp7XB5Drzf9SaTVd8y8=
github.com/starillume/ase v0.2.0/go.mod h1:KxuIpmt22rGiIlAs3IyBurj5nFmwlAOqCOfuZvBVp00=
